
Microsoft Visual Studio Solution File, Format Version 12.00
# Visual Studio Version 17
VisualStudioVersion = 17.5.33209.295
MinimumVisualStudioVersion = 10.0.40219.1
Project("{FAE04EC0-301F-11D3-BF4B-00C04F79EFBC}") = "NovaSFTP2", "NovaSFTP2.csproj", "{0550BB56-AE97-4609-9E7E-96E0B50A222A}"
EndProject
Global
	GlobalSection(SolutionConfigurationPlatforms) = preSolution
		Debug|Any CPU = Debug|Any CPU
		Release|Any CPU = Release|Any CPU
	EndGlobalSection
	GlobalSection(ProjectConfigurationPlatforms) = postSolution
		{0550BB56-AE97-4609-9E7E-96E0B50A222A}.Debug|Any CPU.ActiveCfg = Debug|Any CPU
		{0550BB56-AE97-4609-9E7E-96E0B50A222A}.Debug|Any CPU.Build.0 = Debug|Any CPU
		{0550BB56-AE97-4609-9E7E-96E0B50A222A}.Release|Any CPU.ActiveCfg = Release|Any CPU
		{0550BB56-AE97-4609-9E7E-96E0B50A222A}.Release|Any CPU.Build.0 = Release|Any CPU
	EndGlobalSection
	GlobalSection(SolutionProperties) = preSolution
		HideSolutionNode = FALSE
	EndGlobalSection
	GlobalSection(ExtensibilityGlobals) = postSolution
		SolutionGuid = {67535510-8408-4BA3-BD86-E216B3677084}
	EndGlobalSection
EndGlobal
